
Microsoft Visual Studio Solution File, Format Version 12.00
# Visual Studio Version 17
VisualStudioVersion = 17.4.33205.214
MinimumVisualStudioVersion = 10.0.40219.1
Project("{9A19103F-16F7-4668-BE54-9A1E7A4F7556}") = "EduScoreAppBlazor.Server", "EduScoreAppBlazor\Server\EduScoreAppBlazor.Server.csproj", "{AB2A3ADF-D00A-436F-AA99-55173E33E44F}"
EndProject
Project("{9A19103F-16F7-4668-BE54-9A1E7A4F7556}") = "EduScoreAppBlazor.Client", "EduScoreAppBlazor\Client\EduScoreAppBlazor.Client.csproj", "{5A7242FC-1037-418E-B45A-C02A77A79A57}"
EndProject
Project("{9A19103F-16F7-4668-BE54-9A1E7A4F7556}") = "EduScoreAppBlazor.Shared", "EduScoreAppBlazor\Shared\EduScoreAppBlazor.Shared.csproj", "{0F4124DF-0CB0-4595-AA86-4A84826471D6}"
EndProject
Global
	GlobalSection(SolutionConfigurationPlatforms) = preSolution
		Debug|Any CPU = Debug|Any CPU
		Release|Any CPU = Release|Any CPU
	EndGlobalSection
	GlobalSection(ProjectConfigurationPlatforms) = postSolution
		{AB2A3ADF-D00A-436F-AA99-55173E33E44F}.Debug|Any CPU.ActiveCfg = Debug|Any CPU
		{AB2A3ADF-D00A-436F-AA99-55173E33E44F}.Debug|Any CPU.Build.0 = Debug|Any CPU
		{AB2A3ADF-D00A-436F-AA99-55173E33E44F}.Release|Any CPU.ActiveCfg = Release|Any CPU
		{AB2A3ADF-D00A-436F-AA99-55173E33E44F}.Release|Any CPU.Build.0 = Release|Any CPU
		{5A7242FC-1037-418E-B45A-C02A77A79A57}.Debug|Any CPU.ActiveCfg = Debug|Any CPU
		{5A7242FC-1037-418E-B45A-C02A77A79A57}.Debug|Any CPU.Build.0 = Debug|Any CPU
		{5A7242FC-1037-418E-B45A-C02A77A79A57}.Release|Any CPU.ActiveCfg = Release|Any CPU
		{5A7242FC-1037-418E-B45A-C02A77A79A57}.Release|Any CPU.Build.0 = Release|Any CPU
		{0F4124DF-0CB0-4595-AA86-4A84826471D6}.Debug|Any CPU.ActiveCfg = Debug|Any CPU
		{0F4124DF-0CB0-4595-AA86-4A84826471D6}.Debug|Any CPU.Build.0 = Debug|Any CPU
		{0F4124DF-0CB0-4595-AA86-4A84826471D6}.Release|Any CPU.ActiveCfg = Release|Any CPU
		{0F4124DF-0CB0-4595-AA86-4A84826471D6}.Release|Any CPU.Build.0 = Release|Any CPU
	EndGlobalSection
	GlobalSection(SolutionProperties) = preSolution
		HideSolutionNode = FALSE
	EndGlobalSection
	GlobalSection(ExtensibilityGlobals) = postSolution
		SolutionGuid = {73ECB9C6-DC51-4E7E-A272-1F886B9525E3}
	EndGlobalSection
EndGlobal
